
Microsoft Visual Studio Solution File, Format Version 12.00
# Visual Studio Version 16
VisualStudioVersion = 16.0.30413.136
MinimumVisualStudioVersion = 10.0.40219.1
Project("{FAE04EC0-301F-11D3-BF4B-00C04F79EFBC}") = "RolesUsuarioCarlosRamos", "RolesUsuarioCarlosRamos\RolesUsuarioCarlosRamos.csproj", "{4D736781-329C-465F-90C4-1B82F776B335}"
EndProject
Global
	GlobalSection(SolutionConfigurationPlatforms) = preSolution
		Debug|Any CPU = Debug|Any CPU
		Release|Any CPU = Release|Any CPU
	EndGlobalSection
	GlobalSection(ProjectConfigurationPlatforms) = postSolution
		{4D736781-329C-465F-90C4-1B82F776B335}.Debug|Any CPU.ActiveCfg = Debug|Any CPU
		{4D736781-329C-465F-90C4-1B82F776B335}.Debug|Any CPU.Build.0 = Debug|Any CPU
		{4D736781-329C-465F-90C4-1B82F776B335}.Release|Any CPU.ActiveCfg = Release|Any CPU
		{4D736781-329C-465F-90C4-1B82F776B335}.Release|Any CPU.Build.0 = Release|Any CPU
	EndGlobalSection
	GlobalSection(SolutionProperties) = preSolution
		HideSolutionNode = FALSE
	EndGlobalSection
	GlobalSection(ExtensibilityGlobals) = postSolution
		SolutionGuid = {0BEAC819-2FBF-4C7E-A7E0-8126785B3586}
	EndGlobalSection
EndGlobal
